// !$*UTF8*$!
{
	archiveVersion = 1;
	classes = {
	};
	objectVersion = 55;
	objects = {

/* Begin PBXBuildFile section */
		951A7CB829C401D8007EE9ED /* RestaurantDetailViewHeader.swift in Sources */ = {isa = PBXBuildFile; fileRef = 951A7CB729C401D8007EE9ED /* RestaurantDetailViewHeader.swift */; };
		952CBA9B29CA7E7E00F1122B /* RestaurantDetailTwoColumnCell.swift in Sources */ = {isa = PBXBuildFile; fileRef = 952CBA9A29CA7E7E00F1122B /* RestaurantDetailTwoColumnCell.swift */; };
		9547221A29F8B2F4002A3A14 /* RoundedTextField.swift in Sources */ = {isa = PBXBuildFile; fileRef = 9547221929F8B2F4002A3A14 /* RoundedTextField.swift */; };
		9547221C29F8BB9E002A3A14 /* NewRestaurantController.swift in Sources */ = {isa = PBXBuildFile; fileRef = 9547221B29F8BB9E002A3A14 /* NewRestaurantController.swift */; };
		955E9B2B29C7B029009315CF /* RestaurantDetailTextCell.swift in Sources */ = {isa = PBXBuildFile; fileRef = 955E9B2A29C7B029009315CF /* RestaurantDetailTextCell.swift */; };
		9563E7B629C00A5500D883ED /* Nunito-Italic-VariableFont_wght.ttf in Resources */ = {isa = PBXBuildFile; fileRef = 9563E7B429C0093100D883ED /* Nunito-Italic-VariableFont_wght.ttf */; };
		9563E7B729C00A5500D883ED /* Nunito-VariableFont_wght.ttf in Resources */ = {isa = PBXBuildFile; fileRef = 9563E7B529C0093100D883ED /* Nunito-VariableFont_wght.ttf */; };
		9570D7E029E63C00002F3C60 /* MapViewController.swift in Sources */ = {isa = PBXBuildFile; fileRef = 9570D7DF29E63C00002F3C60 /* MapViewController.swift */; };
		959E4F9E29DBB71D006AD37B /* MapKit.framework in Frameworks */ = {isa = PBXBuildFile; fileRef = 959E4F9D29DBB71D006AD37B /* MapKit.framework */; };
		959E4FA029DBB915006AD37B /* RestaurantDetailMapCell.swift in Sources */ = {isa = PBXBuildFile; fileRef = 959E4F9F29DBB915006AD37B /* RestaurantDetailMapCell.swift */; };
		95A18359299002E0001D6D0C /* AppDelegate.swift in Sources */ = {isa = PBXBuildFile; fileRef = 95A18358299002E0001D6D0C /* AppDelegate.swift */; };
		95A1835B299002E0001D6D0C /* SceneDelegate.swift in Sources */ = {isa = PBXBuildFile; fileRef = 95A1835A299002E0001D6D0C /* SceneDelegate.swift */; };
		95A18360299002E0001D6D0C /* Main.storyboard in Resources */ = {isa = PBXBuildFile; fileRef = 95A1835E299002E0001D6D0C /* Main.storyboard */; };
		95A18362299002E6001D6D0C /* Assets.xcassets in Resources */ = {isa = PBXBuildFile; fileRef = 95A18361299002E6001D6D0C /* Assets.xcassets */; };
		95A18365299002E6001D6D0C /* LaunchScreen.storyboard in Resources */ = {isa = PBXBuildFile; fileRef = 95A18363299002E6001D6D0C /* LaunchScreen.storyboard */; };
		95A1836D29900AB5001D6D0C /* RestarauntTableViewController.swift in Sources */ = {isa = PBXBuildFile; fileRef = 95A1836C29900AB5001D6D0C /* RestarauntTableViewController.swift */; };
		95A22FE229B824D800A5EA76 /* RestaurantDetailViewController.swift in Sources */ = {isa = PBXBuildFile; fileRef = 95A22FE129B824D800A5EA76 /* RestaurantDetailViewController.swift */; };
		95AE96BF29E8E91F00A2D072 /* ReviewViewController.swift in Sources */ = {isa = PBXBuildFile; fileRef = 95AE96BE29E8E91F00A2D072 /* ReviewViewController.swift */; };
		95B228E529A5AD1700EF4617 /* Restaurant.swift in Sources */ = {isa = PBXBuildFile; fileRef = 95B228E429A5AD1700EF4617 /* Restaurant.swift */; };
		95BCB3AF29AD92CC003C5D79 /* RestaurantDiffableDataSource.swift in Sources */ = {isa = PBXBuildFile; fileRef = 95BCB3AE29AD92CC003C5D79 /* RestaurantDiffableDataSource.swift */; };
		95CC43EB29D3CB090033108D /* NavigationController.swift in Sources */ = {isa = PBXBuildFile; fileRef = 95CC43EA29D3CB080033108D /* NavigationController.swift */; };
		95D31CA429CFD49700E406B5 /* UIColor+Ext.swift in Sources */ = {isa = PBXBuildFile; fileRef = 95D31CA329CFD49700E406B5 /* UIColor+Ext.swift */; };
		95E3F674299342C700DCA68B /* RestarauntTableViewCell.swift in Sources */ = {isa = PBXBuildFile; fileRef = 95E3F673299342C600DCA68B /* RestarauntTableViewCell.swift */; };
/* End PBXBuildFile section */

/* Begin PBXFileReference section */
		951A7CB729C401D8007EE9ED /* RestaurantDetailViewHeader.swift */ = {isa = PBXFileReference; lastKnownFileType = sourcecode.swift; name = RestaurantDetailViewHeader.swift; path = ChowHunt/View/RestaurantDetailViewHeader.swift; sourceTree = SOURCE_ROOT; };
		952CBA9A29CA7E7E00F1122B /* RestaurantDetailTwoColumnCell.swift */ = {isa = PBXFileReference; lastKnownFileType = sourcecode.swift; path = RestaurantDetailTwoColumnCell.swift; sourceTree = "<group>"; };
		9547221929F8B2F4002A3A14 /* RoundedTextField.swift */ = {isa = PBXFileReference; lastKnownFileType = sourcecode.swift; path = RoundedTextField.swift; sourceTree = "<group>"; };
		9547221B29F8BB9E002A3A14 /* NewRestaurantController.swift */ = {isa = PBXFileReference; lastKnownFileType = sourcecode.swift; path = NewRestaurantController.swift; sourceTree = "<group>"; };
		955E9B2A29C7B029009315CF /* RestaurantDetailTextCell.swift */ = {isa = PBXFileReference; lastKnownFileType = sourcecode.swift; path = RestaurantDetailTextCell.swift; sourceTree = "<group>"; };
		9563E7B429C0093100D883ED /* Nunito-Italic-VariableFont_wght.ttf */ = {isa = PBXFileReference; lastKnownFileType = file; path = "Nunito-Italic-VariableFont_wght.ttf"; sourceTree = "<group>"; };
		9563E7B529C0093100D883ED /* Nunito-VariableFont_wght.ttf */ = {isa = PBXFileReference; lastKnownFileType = file; path = "Nunito-VariableFont_wght.ttf"; sourceTree = "<group>"; };
		9570D7DF29E63C00002F3C60 /* MapViewController.swift */ = {isa = PBXFileReference; lastKnownFileType = sourcecode.swift; path = MapViewController.swift; sourceTree = "<group>"; };
		959E4F9D29DBB71D006AD37B /* MapKit.framework */ = {isa = PBXFileReference; lastKnownFileType = wrapper.framework; name = MapKit.framework; path = System/Library/Frameworks/MapKit.framework; sourceTree = SDKROOT; };
		959E4F9F29DBB915006AD37B /* RestaurantDetailMapCell.swift */ = {isa = PBXFileReference; lastKnownFileType = sourcecode.swift; path = RestaurantDetailMapCell.swift; sourceTree = "<group>"; };
		95A18355299002E0001D6D0C /* ChowHunt.app */ = {isa = PBXFileReference; explicitFileType = wrapper.application; includeInIndex = 0; path = ChowHunt.app; sourceTree = BUILT_PRODUCTS_DIR; };
		95A18358299002E0001D6D0C /* AppDelegate.swift */ = {isa = PBXFileReference; lastKnownFileType = sourcecode.swift; path = AppDelegate.swift; sourceTree = "<group>"; };
		95A1835A299002E0001D6D0C /* SceneDelegate.swift */ = {isa = PBXFileReference; lastKnownFileType = sourcecode.swift; path = SceneDelegate.swift; sourceTree = "<group>"; };
		95A1835F299002E0001D6D0C /* Base */ = {isa = PBXFileReference; lastKnownFileType = file.storyboard; name = Base; path = Base.lproj/Main.storyboard; sourceTree = "<group>"; };
		95A18361299002E6001D6D0C /* Assets.xcassets */ = {isa = PBXFileReference; lastKnownFileType = folder.assetcatalog; path = Assets.xcassets; sourceTree = "<group>"; };
		95A18364299002E6001D6D0C /* Base */ = {isa = PBXFileReference; lastKnownFileType = file.storyboard; name = Base; path = Base.lproj/LaunchScreen.storyboard; sourceTree = "<group>"; };
		95A18366299002E6001D6D0C /* Info.plist */ = {isa = PBXFileReference; lastKnownFileType = text.plist.xml; path = Info.plist; sourceTree = "<group>"; };
		95A1836C29900AB5001D6D0C /* RestarauntTableViewController.swift */ = {isa = PBXFileReference; lastKnownFileType = sourcecode.swift; path = RestarauntTableViewController.swift; sourceTree = "<group>"; };
		95A22FE129B824D800A5EA76 /* RestaurantDetailViewController.swift */ = {isa = PBXFileReference; lastKnownFileType = sourcecode.swift; path = RestaurantDetailViewController.swift; sourceTree = "<group>"; };
		95AE96BE29E8E91F00A2D072 /* ReviewViewController.swift */ = {isa = PBXFileReference; lastKnownFileType = sourcecode.swift; path = ReviewViewController.swift; sourceTree = "<group>"; };
		95B228E429A5AD1700EF4617 /* Restaurant.swift */ = {isa = PBXFileReference; lastKnownFileType = sourcecode.swift; path = Restaurant.swift; sourceTree = "<group>"; };
		95BCB3AE29AD92CC003C5D79 /* RestaurantDiffableDataSource.swift */ = {isa = PBXFileReference; lastKnownFileType = sourcecode.swift; path = RestaurantDiffableDataSource.swift; sourceTree = "<group>"; };
		95CC43EA29D3CB080033108D /* NavigationController.swift */ = {isa = PBXFileReference; lastKnownFileType = sourcecode.swift; path = NavigationController.swift; sourceTree = "<group>"; };
		95D31CA329CFD49700E406B5 /* UIColor+Ext.swift */ = {isa = PBXFileReference; lastKnownFileType = sourcecode.swift; path = "UIColor+Ext.swift"; sourceTree = "<group>"; };
		95E3F673299342C600DCA68B /* RestarauntTableViewCell.swift */ = {isa = PBXFileReference; lastKnownFileType = sourcecode.swift; path = RestarauntTableViewCell.swift; sourceTree = "<group>"; };
/* End PBXFileReference section */

/* Begin PBXFrameworksBuildPhase section */
		95A18352299002E0001D6D0C /* Frameworks */ = {
			isa = PBXFrameworksBuildPhase;
			buildActionMask = 2147483647;
			files = (
				959E4F9E29DBB71D006AD37B /* MapKit.framework in Frameworks */,
			);
			runOnlyForDeploymentPostprocessing = 0;
		};
/* End PBXFrameworksBuildPhase section */

/* Begin PBXGroup section */
		9563E7B229C008FA00D883ED /* Resources */ = {
			isa = PBXGroup;
			children = (
				9563E7B329C0090700D883ED /* Fonts */,
			);
			path = Resources;
			sourceTree = "<group>";
		};
		9563E7B329C0090700D883ED /* Fonts */ = {
			isa = PBXGroup;
			children = (
				9563E7B429C0093100D883ED /* Nunito-Italic-VariableFont_wght.ttf */,
				9563E7B529C0093100D883ED /* Nunito-VariableFont_wght.ttf */,
			);
			path = Fonts;
			sourceTree = "<group>";
		};
		957EA5C029AC083000BA04F0 /* Controller */ = {
			isa = PBXGroup;
			children = (
				95A1836C29900AB5001D6D0C /* RestarauntTableViewController.swift */,
				95A22FE129B824D800A5EA76 /* RestaurantDetailViewController.swift */,
				95CC43EA29D3CB080033108D /* NavigationController.swift */,
				9570D7DF29E63C00002F3C60 /* MapViewController.swift */,
				95AE96BE29E8E91F00A2D072 /* ReviewViewController.swift */,
				9547221B29F8BB9E002A3A14 /* NewRestaurantController.swift */,
			);
			path = Controller;
			sourceTree = "<group>";
		};
		957EA5C129AC0CBF00BA04F0 /* Model */ = {
			isa = PBXGroup;
			children = (
				95B228E429A5AD1700EF4617 /* Restaurant.swift */,
				95BCB3AE29AD92CC003C5D79 /* RestaurantDiffableDataSource.swift */,
			);
			path = Model;
			sourceTree = "<group>";
		};
		957EA5C229AC0CD300BA04F0 /* View */ = {
			isa = PBXGroup;
			children = (
				951A7CB729C401D8007EE9ED /* RestaurantDetailViewHeader.swift */,
				95E3F673299342C600DCA68B /* RestarauntTableViewCell.swift */,
				955E9B2A29C7B029009315CF /* RestaurantDetailTextCell.swift */,
				952CBA9A29CA7E7E00F1122B /* RestaurantDetailTwoColumnCell.swift */,
				959E4F9F29DBB915006AD37B /* RestaurantDetailMapCell.swift */,
				9547221929F8B2F4002A3A14 /* RoundedTextField.swift */,
			);
			path = View;
			sourceTree = "<group>";
		};
		957EA5C329AC0CF300BA04F0 /* Storyboard */ = {
			isa = PBXGroup;
			children = (
				95A1835E299002E0001D6D0C /* Main.storyboard */,
				95A18363299002E6001D6D0C /* LaunchScreen.storyboard */,
			);
			path = Storyboard;
			sourceTree = "<group>";
		};
		959E4F9C29DBB71D006AD37B /* Frameworks */ = {
			isa = PBXGroup;
			children = (
				959E4F9D29DBB71D006AD37B /* MapKit.framework */,
			);
			name = Frameworks;
			sourceTree = "<group>";
		};
		95A1834C299002DF001D6D0C = {
			isa = PBXGroup;
			children = (
				95A18357299002E0001D6D0C /* ChowHunt */,
				95A18356299002E0001D6D0C /* Products */,
				959E4F9C29DBB71D006AD37B /* Frameworks */,
			);
			sourceTree = "<group>";
		};
		95A18356299002E0001D6D0C /* Products */ = {
			isa = PBXGroup;
			children = (
				95A18355299002E0001D6D0C /* ChowHunt.app */,
			);
			name = Products;
			sourceTree = "<group>";
		};
		95A18357299002E0001D6D0C /* ChowHunt */ = {
			isa = PBXGroup;
			children = (
				95D31CA229CFD47D00E406B5 /* Extensions */,
				9563E7B229C008FA00D883ED /* Resources */,
				957EA5C329AC0CF300BA04F0 /* Storyboard */,
				957EA5C129AC0CBF00BA04F0 /* Model */,
				957EA5C229AC0CD300BA04F0 /* View */,
				957EA5C029AC083000BA04F0 /* Controller */,
				95A18358299002E0001D6D0C /* AppDelegate.swift */,
				95A1835A299002E0001D6D0C /* SceneDelegate.swift */,
				95A18361299002E6001D6D0C /* Assets.xcassets */,
				95A18366299002E6001D6D0C /* Info.plist */,
			);
			path = ChowHunt;
			sourceTree = "<group>";
		};
		95D31CA229CFD47D00E406B5 /* Extensions */ = {
			isa = PBXGroup;
			children = (
				95D31CA329CFD49700E406B5 /* UIColor+Ext.swift */,
			);
			path = Extensions;
			sourceTree = "<group>";
		};
/* End PBXGroup section */

/* Begin PBXNativeTarget section */
		95A18354299002E0001D6D0C /* ChowHunt */ = {
			isa = PBXNativeTarget;
			buildConfigurationList = 95A18369299002E6001D6D0C /* Build configuration list for PBXNativeTarget "ChowHunt" */;
			buildPhases = (
				95A18351299002E0001D6D0C /* Sources */,
				95A18352299002E0001D6D0C /* Frameworks */,
				95A18353299002E0001D6D0C /* Resources */,
			);
			buildRules = (
			);
			dependencies = (
			);
			name = ChowHunt;
			productName = ChowHunt;
			productReference = 95A18355299002E0001D6D0C /* ChowHunt.app */;
			productType = "com.apple.product-type.application";
		};
/* End PBXNativeTarget section */

/* Begin PBXProject section */
		95A1834D299002DF001D6D0C /* Project object */ = {
			isa = PBXProject;
			attributes = {
				BuildIndependentTargetsInParallel = 1;
				LastSwiftUpdateCheck = 1340;
				LastUpgradeCheck = 1340;
				TargetAttributes = {
					95A18354299002E0001D6D0C = {
						CreatedOnToolsVersion = 13.4.1;
					};
				};
			};
			buildConfigurationList = 95A18350299002DF001D6D0C /* Build configuration list for PBXProject "ChowHunt" */;
			compatibilityVersion = "Xcode 13.0";
			developmentRegion = en;
			hasScannedForEncodings = 0;
			knownRegions = (
				en,
				Base,
			);
			mainGroup = 95A1834C299002DF001D6D0C;
			productRefGroup = 95A18356299002E0001D6D0C /* Products */;
			projectDirPath = "";
			projectRoot = "";
			targets = (
				95A18354299002E0001D6D0C /* ChowHunt */,
			);
		};
/* End PBXProject section */

/* Begin PBXResourcesBuildPhase section */
		95A18353299002E0001D6D0C /* Resources */ = {
			isa = PBXResourcesBuildPhase;
			buildActionMask = 2147483647;
			files = (
				95A18365299002E6001D6D0C /* LaunchScreen.storyboard in Resources */,
				95A18362299002E6001D6D0C /* Assets.xcassets in Resources */,
				9563E7B629C00A5500D883ED /* Nunito-Italic-VariableFont_wght.ttf in Resources */,
				9563E7B729C00A5500D883ED /* Nunito-VariableFont_wght.ttf in Resources */,
				95A18360299002E0001D6D0C /* Main.storyboard in Resources */,
			);
			runOnlyForDeploymentPostprocessing = 0;
		};
/* End PBXResourcesBuildPhase section */

/* Begin PBXSourcesBuildPhase section */
		95A18351299002E0001D6D0C /* Sources */ = {
			isa = PBXSourcesBuildPhase;
			buildActionMask = 2147483647;
			files = (
				95B228E529A5AD1700EF4617 /* Restaurant.swift in Sources */,
				95CC43EB29D3CB090033108D /* NavigationController.swift in Sources */,
				9547221C29F8BB9E002A3A14 /* NewRestaurantController.swift in Sources */,
				95AE96BF29E8E91F00A2D072 /* ReviewViewController.swift in Sources */,
				955E9B2B29C7B029009315CF /* RestaurantDetailTextCell.swift in Sources */,
				95E3F674299342C700DCA68B /* RestarauntTableViewCell.swift in Sources */,
				95A1836D29900AB5001D6D0C /* RestarauntTableViewController.swift in Sources */,
				95D31CA429CFD49700E406B5 /* UIColor+Ext.swift in Sources */,
				952CBA9B29CA7E7E00F1122B /* RestaurantDetailTwoColumnCell.swift in Sources */,
				95A18359299002E0001D6D0C /* AppDelegate.swift in Sources */,
				959E4FA029DBB915006AD37B /* RestaurantDetailMapCell.swift in Sources */,
				95BCB3AF29AD92CC003C5D79 /* RestaurantDiffableDataSource.swift in Sources */,
				9547221A29F8B2F4002A3A14 /* RoundedTextField.swift in Sources */,
				95A22FE229B824D800A5EA76 /* RestaurantDetailViewController.swift in Sources */,
				951A7CB829C401D8007EE9ED /* RestaurantDetailViewHeader.swift in Sources */,
				95A1835B299002E0001D6D0C /* SceneDelegate.swift in Sources */,
				9570D7E029E63C00002F3C60 /* MapViewController.swift in Sources */,
			);
			runOnlyForDeploymentPostprocessing = 0;
		};
/* End PBXSourcesBuildPhase section */

/* Begin PBXVariantGroup section */
		95A1835E299002E0001D6D0C /* Main.storyboard */ = {
			isa = PBXVariantGroup;
			children = (
				95A1835F299002E0001D6D0C /* Base */,
			);
			name = Main.storyboard;
			sourceTree = "<group>";
		};
		95A18363299002E6001D6D0C /* LaunchScreen.storyboard */ = {
			isa = PBXVariantGroup;
			children = (
				95A18364299002E6001D6D0C /* Base */,
			);
			name = LaunchScreen.storyboard;
			sourceTree = "<group>";
		};
/* End PBXVariantGroup section */

/* Begin XCBuildConfiguration section */
		95A18367299002E6001D6D0C /* Debug */ = {
			isa = XCBuildConfiguration;
			buildSettings = {
				ALWAYS_SEARCH_USER_PATHS = NO;
				CLANG_ANALYZER_NONNULL = YES;
				CLANG_ANALYZER_NUMBER_OBJECT_CONVERSION = YES_AGGRESSIVE;
				CLANG_CXX_LANGUAGE_STANDARD = "gnu++17";
				CLANG_ENABLE_MODULES = YES;
				CLANG_ENABLE_OBJC_ARC = YES;
				CLANG_ENABLE_OBJC_WEAK = YES;
				CLANG_WARN_BLOCK_CAPTURE_AUTORELEASING = YES;
				CLANG_WARN_BOOL_CONVERSION = YES;
				CLANG_WARN_COMMA = YES;
				CLANG_WARN_CONSTANT_CONVERSION = YES;
				CLANG_WARN_DEPRECATED_OBJC_IMPLEMENTATIONS = YES;
				CLANG_WARN_DIRECT_OBJC_ISA_USAGE = YES_ERROR;
				CLANG_WARN_DOCUMENTATION_COMMENTS = YES;
				CLANG_WARN_EMPTY_BODY = YES;
				CLANG_WARN_ENUM_CONVERSION = YES;
				CLANG_WARN_INFINITE_RECURSION = YES;
				CLANG_WARN_INT_CONVERSION = YES;
				CLANG_WARN_NON_LITERAL_NULL_CONVERSION = YES;
				CLANG_WARN_OBJC_IMPLICIT_RETAIN_SELF = YES;
				CLANG_WARN_OBJC_LITERAL_CONVERSION = YES;
				CLANG_WARN_OBJC_ROOT_CLASS = YES_ERROR;
				CLANG_WARN_QUOTED_INCLUDE_IN_FRAMEWORK_HEADER = YES;
				CLANG_WARN_RANGE_LOOP_ANALYSIS = YES;
				CLANG_WARN_STRICT_PROTOTYPES = YES;
				CLANG_WARN_SUSPICIOUS_MOVE = YES;
				CLANG_WARN_UNGUARDED_AVAILABILITY = YES_AGGRESSIVE;
				CLANG_WARN_UNREACHABLE_CODE = YES;
				CLANG_WARN__DUPLICATE_METHOD_MATCH = YES;
				COPY_PHASE_STRIP = NO;
				DEBUG_INFORMATION_FORMAT = dwarf;
				ENABLE_STRICT_OBJC_MSGSEND = YES;
				ENABLE_TESTABILITY = YES;
				GCC_C_LANGUAGE_STANDARD = gnu11;
				GCC_DYNAMIC_NO_PIC = NO;
				GCC_NO_COMMON_BLOCKS = YES;
				GCC_OPTIMIZATION_LEVEL = 0;
				GCC_PREPROCESSOR_DEFINITIONS = (
					"DEBUG=1",
					"$(inherited)",
				);
				GCC_WARN_64_TO_32_BIT_CONVERSION = YES;
				GCC_WARN_ABOUT_RETURN_TYPE = YES_ERROR;
				GCC_WARN_UNDECLARED_SELECTOR = YES;
				GCC_WARN_UNINITIALIZED_AUTOS = YES_AGGRESSIVE;
				GCC_WARN_UNUSED_FUNCTION = YES;
				GCC_WARN_UNUSED_VARIABLE = YES;
				IPHONEOS_DEPLOYMENT_TARGET = 15.5;
				MTL_ENABLE_DEBUG_INFO = INCLUDE_SOURCE;
				MTL_FAST_MATH = YES;
				ONLY_ACTIVE_ARCH = YES;
				SDKROOT = iphoneos;
				SWIFT_ACTIVE_COMPILATION_CONDITIONS = DEBUG;
				SWIFT_OPTIMIZATION_LEVEL = "-Onone";
			};
			name = Debug;
		};
		95A18368299002E6001D6D0C /* Release */ = {
			isa = XCBuildConfiguration;
			buildSettings = {
				ALWAYS_SEARCH_USER_PATHS = NO;
				CLANG_ANALYZER_NONNULL = YES;
				CLANG_ANALYZER_NUMBER_OBJECT_CONVERSION = YES_AGGRESSIVE;
				CLANG_CXX_LANGUAGE_STANDARD = "gnu++17";
				CLANG_ENABLE_MODULES = YES;
				CLANG_ENABLE_OBJC_ARC = YES;
				CLANG_ENABLE_OBJC_WEAK = YES;
				CLANG_WARN_BLOCK_CAPTURE_AUTORELEASING = YES;
				CLANG_WARN_BOOL_CONVERSION = YES;
				CLANG_WARN_COMMA = YES;
				CLANG_WARN_CONSTANT_CONVERSION = YES;
				CLANG_WARN_DEPRECATED_OBJC_IMPLEMENTATIONS = YES;
				CLANG_WARN_DIRECT_OBJC_ISA_USAGE = YES_ERROR;
				CLANG_WARN_DOCUMENTATION_COMMENTS = YES;
				CLANG_WARN_EMPTY_BODY = YES;
				CLANG_WARN_ENUM_CONVERSION = YES;
				CLANG_WARN_INFINITE_RECURSION = YES;
				CLANG_WARN_INT_CONVERSION = YES;
				CLANG_WARN_NON_LITERAL_NULL_CONVERSION = YES;
				CLANG_WARN_OBJC_IMPLICIT_RETAIN_SELF = YES;
				CLANG_WARN_OBJC_LITERAL_CONVERSION = YES;
				CLANG_WARN_OBJC_ROOT_CLASS = YES_ERROR;
				CLANG_WARN_QUOTED_INCLUDE_IN_FRAMEWORK_HEADER = YES;
				CLANG_WARN_RANGE_LOOP_ANALYSIS = YES;
				CLANG_WARN_STRICT_PROTOTYPES = YES;
				CLANG_WARN_SUSPICIOUS_MOVE = YES;
				CLANG_WARN_UNGUARDED_AVAILABILITY = YES_AGGRESSIVE;
				CLANG_WARN_UNREACHABLE_CODE = YES;
				CLANG_WARN__DUPLICATE_METHOD_MATCH = YES;
				COPY_PHASE_STRIP = NO;
				DEBUG_INFORMATION_FORMAT = "dwarf-with-dsym";
				ENABLE_NS_ASSERTIONS = NO;
				ENABLE_STRICT_OBJC_MSGSEND = YES;
				GCC_C_LANGUAGE_STANDARD = gnu11;
				GCC_NO_COMMON_BLOCKS = YES;
				GCC_WARN_64_TO_32_BIT_CONVERSION = YES;
				GCC_WARN_ABOUT_RETURN_TYPE = YES_ERROR;
				GCC_WARN_UNDECLARED_SELECTOR = YES;
				GCC_WARN_UNINITIALIZED_AUTOS = YES_AGGRESSIVE;
				GCC_WARN_UNUSED_FUNCTION = YES;
				GCC_WARN_UNUSED_VARIABLE = YES;
				IPHONEOS_DEPLOYMENT_TARGET = 15.5;
				MTL_ENABLE_DEBUG_INFO = NO;
				MTL_FAST_MATH = YES;
				SDKROOT = iphoneos;
				SWIFT_COMPILATION_MODE = wholemodule;
				SWIFT_OPTIMIZATION_LEVEL = "-O";
				VALIDATE_PRODUCT = YES;
			};
			name = Release;
		};
		95A1836A299002E6001D6D0C /* Debug */ = {
			isa = XCBuildConfiguration;
			buildSettings = {
				ASSETCATALOG_COMPILER_APPICON_NAME = AppIcon;
				ASSETCATALOG_COMPILER_GLOBAL_ACCENT_COLOR_NAME = AccentColor;
				CODE_SIGN_STYLE = Automatic;
				CURRENT_PROJECT_VERSION = 1;
				GENERATE_INFOPLIST_FILE = YES;
				INFOPLIST_FILE = ChowHunt/Info.plist;
				INFOPLIST_KEY_UIApplicationSupportsIndirectInputEvents = YES;
				INFOPLIST_KEY_UILaunchStoryboardName = LaunchScreen;
				INFOPLIST_KEY_UIMainStoryboardFile = Main;
				INFOPLIST_KEY_UISupportedInterfaceOrientations_iPad = "UIInterfaceOrientationPortrait UIInterfaceOrientationPortraitUpsideDown UIInterfaceOrientationLandscapeLeft UIInterfaceOrientationLandscapeRight";
				INFOPLIST_KEY_UISupportedInterfaceOrientations_iPhone = "UIInterfaceOrientationPortrait UIInterfaceOrientationLandscapeLeft UIInterfaceOrientationLandscapeRight";
				LD_RUNPATH_SEARCH_PATHS = (
					"$(inherited)",
					"@executable_path/Frameworks",
				);
				MARKETING_VERSION = 1.0;
				PRODUCT_BUNDLE_IDENTIFIER = com.VHunter.ChowHunt;
				PRODUCT_NAME = "$(TARGET_NAME)";
				SWIFT_EMIT_LOC_STRINGS = YES;
				SWIFT_VERSION = 5.0;
				TARGETED_DEVICE_FAMILY = "1,2";
			};
			name = Debug;
		};
		95A1836B299002E6001D6D0C /* Release */ = {
			isa = XCBuildConfiguration;
			buildSettings = {
				ASSETCATALOG_COMPILER_APPICON_NAME = AppIcon;
				ASSETCATALOG_COMPILER_GLOBAL_ACCENT_COLOR_NAME = AccentColor;
				CODE_SIGN_STYLE = Automatic;
				CURRENT_PROJECT_VERSION = 1;
				GENERATE_INFOPLIST_FILE = YES;
				INFOPLIST_FILE = ChowHunt/Info.plist;
				INFOPLIST_KEY_UIApplicationSupportsIndirectInputEvents = YES;
				INFOPLIST_KEY_UILaunchStoryboardName = LaunchScreen;
				INFOPLIST_KEY_UIMainStoryboardFile = Main;
				INFOPLIST_KEY_UISupportedInterfaceOrientations_iPad = "UIInterfaceOrientationPortrait UIInterfaceOrientationPortraitUpsideDown UIInterfaceOrientationLandscapeLeft UIInterfaceOrientationLandscapeRight";
				INFOPLIST_KEY_UISupportedInterfaceOrientations_iPhone = "UIInterfaceOrientationPortrait UIInterfaceOrientationLandscapeLeft UIInterfaceOrientationLandscapeRight";
				LD_RUNPATH_SEARCH_PATHS = (
					"$(inherited)",
					"@executable_path/Frameworks",
				);
				MARKETING_VERSION = 1.0;
				PRODUCT_BUNDLE_IDENTIFIER = com.VHunter.ChowHunt;
				PRODUCT_NAME = "$(TARGET_NAME)";
				SWIFT_EMIT_LOC_STRINGS = YES;
				SWIFT_VERSION = 5.0;
				TARGETED_DEVICE_FAMILY = "1,2";
			};
			name = Release;
		};
/* End XCBuildConfiguration section */

/* Begin XCConfigurationList section */
		95A18350299002DF001D6D0C /* Build configuration list for PBXProject "ChowHunt" */ = {
			isa = XCConfigurationList;
			buildConfigurations = (
				95A18367299002E6001D6D0C /* Debug */,
				95A18368299002E6001D6D0C /* Release */,
			);
			defaultConfigurationIsVisible = 0;
			defaultConfigurationName = Release;
		};
		95A18369299002E6001D6D0C /* Build configuration list for PBXNativeTarget "ChowHunt" */ = {
			isa = XCConfigurationList;
			buildConfigurations = (
				95A1836A299002E6001D6D0C /* Debug */,
				95A1836B299002E6001D6D0C /* Release */,
			);
			defaultConfigurationIsVisible = 0;
			defaultConfigurationName = Release;
		};
/* End XCConfigurationList section */
	};
	rootObject = 95A1834D299002DF001D6D0C /* Project object */;
}
